
Microsoft Visual Studio Solution File, Format Version 11.00
# Visual Studio 2010
Project("{FAE04EC0-301F-11D3-BF4B-00C04F79EFBC}") = "Assembly-CSharp", "Assembly-CSharp.csproj", "{0F746F8C-8EA2-1A76-CDB3-A18A791AB6EA}"
EndProject
Project("{FAE04EC0-301F-11D3-BF4B-00C04F79EFBC}") = "Assembly-CSharp-Editor", "Assembly-CSharp-Editor.csproj", "{00FC3B4B-CD35-5B10-5E0A-1B344A285637}"
EndProject
Global
	GlobalSection(SolutionConfigurationPlatforms) = preSolution
		Debug|Any CPU = Debug|Any CPU
		Release|Any CPU = Release|Any CPU
	EndGlobalSection
	GlobalSection(ProjectConfigurationPlatforms) = postSolution
		{0F746F8C-8EA2-1A76-CDB3-A18A791AB6EA}.Debug|Any CPU.ActiveCfg = Debug|Any CPU
		{0F746F8C-8EA2-1A76-CDB3-A18A791AB6EA}.Debug|Any CPU.Build.0 = Debug|Any CPU
		{0F746F8C-8EA2-1A76-CDB3-A18A791AB6EA}.Release|Any CPU.ActiveCfg = Release|Any CPU
		{0F746F8C-8EA2-1A76-CDB3-A18A791AB6EA}.Release|Any CPU.Build.0 = Release|Any CPU
		{00FC3B4B-CD35-5B10-5E0A-1B344A285637}.Debug|Any CPU.ActiveCfg = Debug|Any CPU
		{00FC3B4B-CD35-5B10-5E0A-1B344A285637}.Debug|Any CPU.Build.0 = Debug|Any CPU
		{00FC3B4B-CD35-5B10-5E0A-1B344A285637}.Release|Any CPU.ActiveCfg = Release|Any CPU
		{00FC3B4B-CD35-5B10-5E0A-1B344A285637}.Release|Any CPU.Build.0 = Release|Any CPU
	EndGlobalSection
	GlobalSection(SolutionProperties) = preSolution
		HideSolutionNode = FALSE
	EndGlobalSection
	GlobalSection(MonoDevelopProperties) = preSolution
		StartupItem = Assembly-CSharp.csproj
	EndGlobalSection
EndGlobal
